// !$*UTF8*$!
{
	archiveVersion = 1;
	classes = {
	};
	objectVersion = 56;
	objects = {

/* Begin PBXBuildFile section */
		F3CD50402A039FD5000C5596 /* NEWNEWApp.swift in Sources */ = {isa = PBXBuildFile; fileRef = F3CD503F2A039FD5000C5596 /* NEWNEWApp.swift */; };
		F3CD50422A039FD5000C5596 /* ContentView.swift in Sources */ = {isa = PBXBuildFile; fileRef = F3CD50412A039FD5000C5596 /* ContentView.swift */; };
		F3CD50442A039FDA000C5596 /* Assets.xcassets in Resources */ = {isa = PBXBuildFile; fileRef = F3CD50432A039FDA000C5596 /* Assets.xcassets */; };
		F3CD50472A039FDA000C5596 /* Preview Assets.xcassets in Resources */ = {isa = PBXBuildFile; fileRef = F3CD50462A039FDA000C5596 /* Preview Assets.xcassets */; };
		F3CD50512A039FDB000C5596 /* NEWNEWTests.swift in Sources */ = {isa = PBXBuildFile; fileRef = F3CD50502A039FDB000C5596 /* NEWNEWTests.swift */; };
		F3CD505B2A039FDB000C5596 /* NEWNEWUITests.swift in Sources */ = {isa = PBXBuildFile; fileRef = F3CD505A2A039FDB000C5596 /* NEWNEWUITests.swift */; };
		F3CD505D2A039FDB000C5596 /* NEWNEWUITestsLaunchTests.swift in Sources */ = {isa = PBXBuildFile; fileRef = F3CD505C2A039FDB000C5596 /* NEWNEWUITestsLaunchTests.swift */; };
/* End PBXBuildFile section */

/* Begin PBXContainerItemProxy section */
		F3CD504D2A039FDB000C5596 /* PBXContainerItemProxy */ = {
			isa = PBXContainerItemProxy;
			containerPortal = F3CD50342A039FD5000C5596 /* Project object */;
			proxyType = 1;
			remoteGlobalIDString = F3CD503B2A039FD5000C5596;
			remoteInfo = NEWNEW;
		};
		F3CD50572A039FDB000C5596 /* PBXContainerItemProxy */ = {
			isa = PBXContainerItemProxy;
			containerPortal = F3CD50342A039FD5000C5596 /* Project object */;
			proxyType = 1;
			remoteGlobalIDString = F3CD503B2A039FD5000C5596;
			remoteInfo = NEWNEW;
		};
/* End PBXContainerItemProxy section */

/* Begin PBXFileReference section */
		F3CD503C2A039FD5000C5596 /* NEWNEW.app */ = {isa = PBXFileReference; explicitFileType = wrapper.application; includeInIndex = 0; path = NEWNEW.app; sourceTree = BUILT_PRODUCTS_DIR; };
		F3CD503F2A039FD5000C5596 /* NEWNEWApp.swift */ = {isa = PBXFileReference; lastKnownFileType = sourcecode.swift; path = NEWNEWApp.swift; sourceTree = "<group>"; };
		F3CD50412A039FD5000C5596 /* ContentView.swift */ = {isa = PBXFileReference; lastKnownFileType = sourcecode.swift; path = ContentView.swift; sourceTree = "<group>"; };
		F3CD50432A039FDA000C5596 /* Assets.xcassets */ = {isa = PBXFileReference; lastKnownFileType = folder.assetcatalog; path = Assets.xcassets; sourceTree = "<group>"; };
		F3CD50462A039FDA000C5596 /* Preview Assets.xcassets */ = {isa = PBXFileReference; lastKnownFileType = folder.assetcatalog; path = "Preview Assets.xcassets"; sourceTree = "<group>"; };
		F3CD504C2A039FDB000C5596 /* NEWNEWTests.xctest */ = {isa = PBXFileReference; explicitFileType = wrapper.cfbundle; includeInIndex = 0; path = NEWNEWTests.xctest; sourceTree = BUILT_PRODUCTS_DIR; };
		F3CD50502A039FDB000C5596 /* NEWNEWTests.swift */ = {isa = PBXFileReference; lastKnownFileType = sourcecode.swift; path = NEWNEWTests.swift; sourceTree = "<group>"; };
		F3CD50562A039FDB000C5596 /* NEWNEWUITests.xctest */ = {isa = PBXFileReference; explicitFileType = wrapper.cfbundle; includeInIndex = 0; path = NEWNEWUITests.xctest; sourceTree = BUILT_PRODUCTS_DIR; };
		F3CD505A2A039FDB000C5596 /* NEWNEWUITests.swift */ = {isa = PBXFileReference; lastKnownFileType = sourcecode.swift; path = NEWNEWUITests.swift; sourceTree = "<group>"; };
		F3CD505C2A039FDB000C5596 /* NEWNEWUITestsLaunchTests.swift */ = {isa = PBXFileReference; lastKnownFileType = sourcecode.swift; path = NEWNEWUITestsLaunchTests.swift; sourceTree = "<group>"; };
/* End PBXFileReference section */

/* Begin PBXFrameworksBuildPhase section */
		F3CD50392A039FD5000C5596 /* Frameworks */ = {
			isa = PBXFrameworksBuildPhase;
			buildActionMask = 2147483647;
			files = (
			);
			runOnlyForDeploymentPostprocessing = 0;
		};
		F3CD50492A039FDB000C5596 /* Frameworks */ = {
			isa = PBXFrameworksBuildPhase;
			buildActionMask = 2147483647;
			files = (
			);
			runOnlyForDeploymentPostprocessing = 0;
		};
		F3CD50532A039FDB000C5596 /* Frameworks */ = {
			isa = PBXFrameworksBuildPhase;
			buildActionMask = 2147483647;
			files = (
			);
			runOnlyForDeploymentPostprocessing = 0;
		};
/* End PBXFrameworksBuildPhase section */

/* Begin PBXGroup section */
		F3CD50332A039FD5000C5596 = {
			isa = PBXGroup;
			children = (
				F3CD503E2A039FD5000C5596 /* NEWNEW */,
				F3CD504F2A039FDB000C5596 /* NEWNEWTests */,
				F3CD50592A039FDB000C5596 /* NEWNEWUITests */,
				F3CD503D2A039FD5000C5596 /* Products */,
			);
			sourceTree = "<group>";
		};
		F3CD503D2A039FD5000C5596 /* Products */ = {
			isa = PBXGroup;
			children = (
				F3CD503C2A039FD5000C5596 /* NEWNEW.app */,
				F3CD504C2A039FDB000C5596 /* NEWNEWTests.xctest */,
				F3CD50562A039FDB000C5596 /* NEWNEWUITests.xctest */,
			);
			name = Products;
			sourceTree = "<group>";
		};
		F3CD503E2A039FD5000C5596 /* NEWNEW */ = {
			isa = PBXGroup;
			children = (
				F3CD503F2A039FD5000C5596 /* NEWNEWApp.swift */,
				F3CD50412A039FD5000C5596 /* ContentView.swift */,
				F3CD50432A039FDA000C5596 /* Assets.xcassets */,
				F3CD50452A039FDA000C5596 /* Preview Content */,
			);
			path = NEWNEW;
			sourceTree = "<group>";
		};
		F3CD50452A039FDA000C5596 /* Preview Content */ = {
			isa = PBXGroup;
			children = (
				F3CD50462A039FDA000C5596 /* Preview Assets.xcassets */,
			);
			path = "Preview Content";
			sourceTree = "<group>";
		};
		F3CD504F2A039FDB000C5596 /* NEWNEWTests */ = {
			isa = PBXGroup;
			children = (
				F3CD50502A039FDB000C5596 /* NEWNEWTests.swift */,
			);
			path = NEWNEWTests;
			sourceTree = "<group>";
		};
		F3CD50592A039FDB000C5596 /* NEWNEWUITests */ = {
			isa = PBXGroup;
			children = (
				F3CD505A2A039FDB000C5596 /* NEWNEWUITests.swift */,
				F3CD505C2A039FDB000C5596 /* NEWNEWUITestsLaunchTests.swift */,
			);
			path = NEWNEWUITests;
			sourceTree = "<group>";
		};
/* End PBXGroup section */

/* Begin PBXNativeTarget section */
		F3CD503B2A039FD5000C5596 /* NEWNEW */ = {
			isa = PBXNativeTarget;
			buildConfigurationList = F3CD50602A039FDB000C5596 /* Build configuration list for PBXNativeTarget "NEWNEW" */;
			buildPhases = (
				F3CD50382A039FD5000C5596 /* Sources */,
				F3CD50392A039FD5000C5596 /* Frameworks */,
				F3CD503A2A039FD5000C5596 /* Resources */,
			);
			buildRules = (
			);
			dependencies = (
			);
			name = NEWNEW;
			productName = NEWNEW;
			productReference = F3CD503C2A039FD5000C5596 /* NEWNEW.app */;
			productType = "com.apple.product-type.application";
		};
		F3CD504B2A039FDB000C5596 /* NEWNEWTests */ = {
			isa = PBXNativeTarget;
			buildConfigurationList = F3CD50632A039FDB000C5596 /* Build configuration list for PBXNativeTarget "NEWNEWTests" */;
			buildPhases = (
				F3CD50482A039FDB000C5596 /* Sources */,
				F3CD50492A039FDB000C5596 /* Frameworks */,
				F3CD504A2A039FDB000C5596 /* Resources */,
			);
			buildRules = (
			);
			dependencies = (
				F3CD504E2A039FDB000C5596 /* PBXTargetDependency */,
			);
			name = NEWNEWTests;
			productName = NEWNEWTests;
			productReference = F3CD504C2A039FDB000C5596 /* NEWNEWTests.xctest */;
			productType = "com.apple.product-type.bundle.unit-test";
		};
		F3CD50552A039FDB000C5596 /* NEWNEWUITests */ = {
			isa = PBXNativeTarget;
			buildConfigurationList = F3CD50662A039FDB000C5596 /* Build configuration list for PBXNativeTarget "NEWNEWUITests" */;
			buildPhases = (
				F3CD50522A039FDB000C5596 /* Sources */,
				F3CD50532A039FDB000C5596 /* Frameworks */,
				F3CD50542A039FDB000C5596 /* Resources */,
			);
			buildRules = (
			);
			dependencies = (
				F3CD50582A039FDB000C5596 /* PBXTargetDependency */,
			);
			name = NEWNEWUITests;
			productName = NEWNEWUITests;
			productReference = F3CD50562A039FDB000C5596 /* NEWNEWUITests.xctest */;
			productType = "com.apple.product-type.bundle.ui-testing";
		};
/* End PBXNativeTarget section */

/* Begin PBXProject section */
		F3CD50342A039FD5000C5596 /* Project object */ = {
			isa = PBXProject;
			attributes = {
				BuildIndependentTargetsInParallel = 1;
				LastSwiftUpdateCheck = 1430;
				LastUpgradeCheck = 1430;
				TargetAttributes = {
					F3CD503B2A039FD5000C5596 = {
						CreatedOnToolsVersion = 14.3;
					};
					F3CD504B2A039FDB000C5596 = {
						CreatedOnToolsVersion = 14.3;
						TestTargetID = F3CD503B2A039FD5000C5596;
					};
					F3CD50552A039FDB000C5596 = {
						CreatedOnToolsVersion = 14.3;
						TestTargetID = F3CD503B2A039FD5000C5596;
					};
				};
			};
			buildConfigurationList = F3CD50372A039FD5000C5596 /* Build configuration list for PBXProject "NEWNEW" */;
			compatibilityVersion = "Xcode 14.0";
			developmentRegion = en;
			hasScannedForEncodings = 0;
			knownRegions = (
				en,
				Base,
			);
			mainGroup = F3CD50332A039FD5000C5596;
			productRefGroup = F3CD503D2A039FD5000C5596 /* Products */;
			projectDirPath = "";
			projectRoot = "";
			targets = (
				F3CD503B2A039FD5000C5596 /* NEWNEW */,
				F3CD504B2A039FDB000C5596 /* NEWNEWTests */,
				F3CD50552A039FDB000C5596 /* NEWNEWUITests */,
			);
		};
/* End PBXProject section */

/* Begin PBXResourcesBuildPhase section */
		F3CD503A2A039FD5000C5596 /* Resources */ = {
			isa = PBXResourcesBuildPhase;
			buildActionMask = 2147483647;
			files = (
				F3CD50472A039FDA000C5596 /* Preview Assets.xcassets in Resources */,
				F3CD50442A039FDA000C5596 /* Assets.xcassets in Resources */,
			);
			runOnlyForDeploymentPostprocessing = 0;
		};
		F3CD504A2A039FDB000C5596 /* Resources */ = {
			isa = PBXResourcesBuildPhase;
			buildActionMask = 2147483647;
			files = (
			);
			runOnlyForDeploymentPostprocessing = 0;
		};
		F3CD50542A039FDB000C5596 /* Resources */ = {
			isa = PBXResourcesBuildPhase;
			buildActionMask = 2147483647;
			files = (
			);
			runOnlyForDeploymentPostprocessing = 0;
		};
/* End PBXResourcesBuildPhase section */

/* Begin PBXSourcesBuildPhase section */
		F3CD50382A039FD5000C5596 /* Sources */ = {
			isa = PBXSourcesBuildPhase;
			buildActionMask = 2147483647;
			files = (
				F3CD50422A039FD5000C5596 /* ContentView.swift in Sources */,
				F3CD50402A039FD5000C5596 /* NEWNEWApp.swift in Sources */,
			);
			runOnlyForDeploymentPostprocessing = 0;
		};
		F3CD50482A039FDB000C5596 /* Sources */ = {
			isa = PBXSourcesBuildPhase;
			buildActionMask = 2147483647;
			files = (
				F3CD50512A039FDB000C5596 /* NEWNEWTests.swift in Sources */,
			);
			runOnlyForDeploymentPostprocessing = 0;
		};
		F3CD50522A039FDB000C5596 /* Sources */ = {
			isa = PBXSourcesBuildPhase;
			buildActionMask = 2147483647;
			files = (
				F3CD505D2A039FDB000C5596 /* NEWNEWUITestsLaunchTests.swift in Sources */,
				F3CD505B2A039FDB000C5596 /* NEWNEWUITests.swift in Sources */,
			);
			runOnlyForDeploymentPostprocessing = 0;
		};
/* End PBXSourcesBuildPhase section */

/* Begin PBXTargetDependency section */
		F3CD504E2A039FDB000C5596 /* PBXTargetDependency */ = {
			isa = PBXTargetDependency;
			target = F3CD503B2A039FD5000C5596 /* NEWNEW */;
			targetProxy = F3CD504D2A039FDB000C5596 /* PBXContainerItemProxy */;
		};
		F3CD50582A039FDB000C5596 /* PBXTargetDependency */ = {
			isa = PBXTargetDependency;
			target = F3CD503B2A039FD5000C5596 /* NEWNEW */;
			targetProxy = F3CD50572A039FDB000C5596 /* PBXContainerItemProxy */;
		};
/* End PBXTargetDependency section */

/* Begin XCBuildConfiguration section */
		F3CD505E2A039FDB000C5596 /* Debug */ = {
			isa = XCBuildConfiguration;
			buildSettings = {
				ALWAYS_SEARCH_USER_PATHS = NO;
				CLANG_ANALYZER_NONNULL = YES;
				CLANG_ANALYZER_NUMBER_OBJECT_CONVERSION = YES_AGGRESSIVE;
				CLANG_CXX_LANGUAGE_STANDARD = "gnu++20";
				CLANG_ENABLE_MODULES = YES;
				CLANG_ENABLE_OBJC_ARC = YES;
				CLANG_ENABLE_OBJC_WEAK = YES;
				CLANG_WARN_BLOCK_CAPTURE_AUTORELEASING = YES;
				CLANG_WARN_BOOL_CONVERSION = YES;
				CLANG_WARN_COMMA = YES;
				CLANG_WARN_CONSTANT_CONVERSION = YES;
				CLANG_WARN_DEPRECATED_OBJC_IMPLEMENTATIONS = YES;
				CLANG_WARN_DIRECT_OBJC_ISA_USAGE = YES_ERROR;
				CLANG_WARN_DOCUMENTATION_COMMENTS = YES;
				CLANG_WARN_EMPTY_BODY = YES;
				CLANG_WARN_ENUM_CONVERSION = YES;
				CLANG_WARN_INFINITE_RECURSION = YES;
				CLANG_WARN_INT_CONVERSION = YES;
				CLANG_WARN_NON_LITERAL_NULL_CONVERSION = YES;
				CLANG_WARN_OBJC_IMPLICIT_RETAIN_SELF = YES;
				CLANG_WARN_OBJC_LITERAL_CONVERSION = YES;
				CLANG_WARN_OBJC_ROOT_CLASS = YES_ERROR;
				CLANG_WARN_QUOTED_INCLUDE_IN_FRAMEWORK_HEADER = YES;
				CLANG_WARN_RANGE_LOOP_ANALYSIS = YES;
				CLANG_WARN_STRICT_PROTOTYPES = YES;
				CLANG_WARN_SUSPICIOUS_MOVE = YES;
				CLANG_WARN_UNGUARDED_AVAILABILITY = YES_AGGRESSIVE;
				CLANG_WARN_UNREACHABLE_CODE = YES;
				CLANG_WARN__DUPLICATE_METHOD_MATCH = YES;
				COPY_PHASE_STRIP = NO;
				DEBUG_INFORMATION_FORMAT = dwarf;
				ENABLE_STRICT_OBJC_MSGSEND = YES;
				ENABLE_TESTABILITY = YES;
				GCC_C_LANGUAGE_STANDARD = gnu11;
				GCC_DYNAMIC_NO_PIC = NO;
				GCC_NO_COMMON_BLOCKS = YES;
				GCC_OPTIMIZATION_LEVEL = 0;
				GCC_PREPROCESSOR_DEFINITIONS = (
					"DEBUG=1",
					"$(inherited)",
				);
				GCC_WARN_64_TO_32_BIT_CONVERSION = YES;
				GCC_WARN_ABOUT_RETURN_TYPE = YES_ERROR;
				GCC_WARN_UNDECLARED_SELECTOR = YES;
				GCC_WARN_UNINITIALIZED_AUTOS = YES_AGGRESSIVE;
				GCC_WARN_UNUSED_FUNCTION = YES;
				GCC_WARN_UNUSED_VARIABLE = YES;
				IPHONEOS_DEPLOYMENT_TARGET = 16.2;
				MTL_ENABLE_DEBUG_INFO = INCLUDE_SOURCE;
				MTL_FAST_MATH = YES;
				ONLY_ACTIVE_ARCH = YES;
				SDKROOT = iphoneos;
				SWIFT_ACTIVE_COMPILATION_CONDITIONS = DEBUG;
				SWIFT_OPTIMIZATION_LEVEL = "-Onone";
			};
			name = Debug;
		};
		F3CD505F2A039FDB000C5596 /* Release */ = {
			isa = XCBuildConfiguration;
			buildSettings = {
				ALWAYS_SEARCH_USER_PATHS = NO;
				CLANG_ANALYZER_NONNULL = YES;
				CLANG_ANALYZER_NUMBER_OBJECT_CONVERSION = YES_AGGRESSIVE;
				CLANG_CXX_LANGUAGE_STANDARD = "gnu++20";
				CLANG_ENABLE_MODULES = YES;
				CLANG_ENABLE_OBJC_ARC = YES;
				CLANG_ENABLE_OBJC_WEAK = YES;
				CLANG_WARN_BLOCK_CAPTURE_AUTORELEASING = YES;
				CLANG_WARN_BOOL_CONVERSION = YES;
				CLANG_WARN_COMMA = YES;
				CLANG_WARN_CONSTANT_CONVERSION = YES;
				CLANG_WARN_DEPRECATED_OBJC_IMPLEMENTATIONS = YES;
				CLANG_WARN_DIRECT_OBJC_ISA_USAGE = YES_ERROR;
				CLANG_WARN_DOCUMENTATION_COMMENTS = YES;
				CLANG_WARN_EMPTY_BODY = YES;
				CLANG_WARN_ENUM_CONVERSION = YES;
				CLANG_WARN_INFINITE_RECURSION = YES;
				CLANG_WARN_INT_CONVERSION = YES;
				CLANG_WARN_NON_LITERAL_NULL_CONVERSION = YES;
				CLANG_WARN_OBJC_IMPLICIT_RETAIN_SELF = YES;
				CLANG_WARN_OBJC_LITERAL_CONVERSION = YES;
				CLANG_WARN_OBJC_ROOT_CLASS = YES_ERROR;
				CLANG_WARN_QUOTED_INCLUDE_IN_FRAMEWORK_HEADER = YES;
				CLANG_WARN_RANGE_LOOP_ANALYSIS = YES;
				CLANG_WARN_STRICT_PROTOTYPES = YES;
				CLANG_WARN_SUSPICIOUS_MOVE = YES;
				CLANG_WARN_UNGUARDED_AVAILABILITY = YES_AGGRESSIVE;
				CLANG_WARN_UNREACHABLE_CODE = YES;
				CLANG_WARN__DUPLICATE_METHOD_MATCH = YES;
				COPY_PHASE_STRIP = NO;
				DEBUG_INFORMATION_FORMAT = "dwarf-with-dsym";
				ENABLE_NS_ASSERTIONS = NO;
				ENABLE_STRICT_OBJC_MSGSEND = YES;
				GCC_C_LANGUAGE_STANDARD = gnu11;
				GCC_NO_COMMON_BLOCKS = YES;
				GCC_WARN_64_TO_32_BIT_CONVERSION = YES;
				GCC_WARN_ABOUT_RETURN_TYPE = YES_ERROR;
				GCC_WARN_UNDECLARED_SELECTOR = YES;
				GCC_WARN_UNINITIALIZED_AUTOS = YES_AGGRESSIVE;
				GCC_WARN_UNUSED_FUNCTION = YES;
				GCC_WARN_UNUSED_VARIABLE = YES;
				IPHONEOS_DEPLOYMENT_TARGET = 16.2;
				MTL_ENABLE_DEBUG_INFO = NO;
				MTL_FAST_MATH = YES;
				SDKROOT = iphoneos;
				SWIFT_COMPILATION_MODE = wholemodule;
				SWIFT_OPTIMIZATION_LEVEL = "-O";
				VALIDATE_PRODUCT = YES;
			};
			name = Release;
		};
		F3CD50612A039FDB000C5596 /* Debug */ = {
			isa = XCBuildConfiguration;
			buildSettings = {
				ASSETCATALOG_COMPILER_APPICON_NAME = AppIcon;
				ASSETCATALOG_COMPILER_GLOBAL_ACCENT_COLOR_NAME = AccentColor;
				CODE_SIGN_STYLE = Automatic;
				CURRENT_PROJECT_VERSION = 1;
				DEVELOPMENT_ASSET_PATHS = "\"NEWNEW/Preview Content\"";
				ENABLE_PREVIEWS = YES;
				GENERATE_INFOPLIST_FILE = YES;
				INFOPLIST_KEY_UIApplicationSceneManifest_Generation = YES;
				INFOPLIST_KEY_UIApplicationSupportsIndirectInputEvents = YES;
				INFOPLIST_KEY_UILaunchScreen_Generation = YES;
				INFOPLIST_KEY_UISupportedInterfaceOrientations_iPad = "UIInterfaceOrientationPortrait UIInterfaceOrientationPortraitUpsideDown UIInterfaceOrientationLandscapeLeft UIInterfaceOrientationLandscapeRight";
				INFOPLIST_KEY_UISupportedInterfaceOrientations_iPhone = "UIInterfaceOrientationPortrait UIInterfaceOrientationLandscapeLeft UIInterfaceOrientationLandscapeRight";
				LD_RUNPATH_SEARCH_PATHS = (
					"$(inherited)",
					"@executable_path/Frameworks",
				);
				MARKETING_VERSION = 1.0;
				PRODUCT_BUNDLE_IDENTIFIER = IOS.NEWNEW;
				PRODUCT_NAME = "$(TARGET_NAME)";
				SWIFT_EMIT_LOC_STRINGS = YES;
				SWIFT_VERSION = 5.0;
				TARGETED_DEVICE_FAMILY = "1,2";
			};
			name = Debug;
		};
		F3CD50622A039FDB000C5596 /* Release */ = {
			isa = XCBuildConfiguration;
			buildSettings = {
				ASSETCATALOG_COMPILER_APPICON_NAME = AppIcon;
				ASSETCATALOG_COMPILER_GLOBAL_ACCENT_COLOR_NAME = AccentColor;
				CODE_SIGN_STYLE = Automatic;
				CURRENT_PROJECT_VERSION = 1;
				DEVELOPMENT_ASSET_PATHS = "\"NEWNEW/Preview Content\"";
				ENABLE_PREVIEWS = YES;
				GENERATE_INFOPLIST_FILE = YES;
				INFOPLIST_KEY_UIApplicationSceneManifest_Generation = YES;
				INFOPLIST_KEY_UIApplicationSupportsIndirectInputEvents = YES;
				INFOPLIST_KEY_UILaunchScreen_Generation = YES;
				INFOPLIST_KEY_UISupportedInterfaceOrientations_iPad = "UIInterfaceOrientationPortrait UIInterfaceOrientationPortraitUpsideDown UIInterfaceOrientationLandscapeLeft UIInterfaceOrientationLandscapeRight";
				INFOPLIST_KEY_UISupportedInterfaceOrientations_iPhone = "UIInterfaceOrientationPortrait UIInterfaceOrientationLandscapeLeft UIInterfaceOrientationLandscapeRight";
				LD_RUNPATH_SEARCH_PATHS = (
					"$(inherited)",
					"@executable_path/Frameworks",
				);
				MARKETING_VERSION = 1.0;
				PRODUCT_BUNDLE_IDENTIFIER = IOS.NEWNEW;
				PRODUCT_NAME = "$(TARGET_NAME)";
				SWIFT_EMIT_LOC_STRINGS = YES;
				SWIFT_VERSION = 5.0;
				TARGETED_DEVICE_FAMILY = "1,2";
			};
			name = Release;
		};
		F3CD50642A039FDB000C5596 /* Debug */ = {
			isa = XCBuildConfiguration;
			buildSettings = {
				ALWAYS_EMBED_SWIFT_STANDARD_LIBRARIES = YES;
				BUNDLE_LOADER = "$(TEST_HOST)";
				CODE_SIGN_STYLE = Automatic;
				CURRENT_PROJECT_VERSION = 1;
				GENERATE_INFOPLIST_FILE = YES;
				IPHONEOS_DEPLOYMENT_TARGET = 16.4;
				MARKETING_VERSION = 1.0;
				PRODUCT_BUNDLE_IDENTIFIER = IOS.NEWNEWTests;
				PRODUCT_NAME = "$(TARGET_NAME)";
				SWIFT_EMIT_LOC_STRINGS = NO;
				SWIFT_VERSION = 5.0;
				TARGETED_DEVICE_FAMILY = "1,2";
				TEST_HOST = "$(BUILT_PRODUCTS_DIR)/NEWNEW.app/$(BUNDLE_EXECUTABLE_FOLDER_PATH)/NEWNEW";
			};
			name = Debug;
		};
		F3CD50652A039FDB000C5596 /* Release */ = {
			isa = XCBuildConfiguration;
			buildSettings = {
				ALWAYS_EMBED_SWIFT_STANDARD_LIBRARIES = YES;
				BUNDLE_LOADER = "$(TEST_HOST)";
				CODE_SIGN_STYLE = Automatic;
				CURRENT_PROJECT_VERSION = 1;
				GENERATE_INFOPLIST_FILE = YES;
				IPHONEOS_DEPLOYMENT_TARGET = 16.4;
				MARKETING_VERSION = 1.0;
				PRODUCT_BUNDLE_IDENTIFIER = IOS.NEWNEWTests;
				PRODUCT_NAME = "$(TARGET_NAME)";
				SWIFT_EMIT_LOC_STRINGS = NO;
				SWIFT_VERSION = 5.0;
				TARGETED_DEVICE_FAMILY = "1,2";
				TEST_HOST = "$(BUILT_PRODUCTS_DIR)/NEWNEW.app/$(BUNDLE_EXECUTABLE_FOLDER_PATH)/NEWNEW";
			};
			name = Release;
		};
		F3CD50672A039FDB000C5596 /* Debug */ = {
			isa = XCBuildConfiguration;
			buildSettings = {
				ALWAYS_EMBED_SWIFT_STANDARD_LIBRARIES = YES;
				CODE_SIGN_STYLE = Automatic;
				CURRENT_PROJECT_VERSION = 1;
				GENERATE_INFOPLIST_FILE = YES;
				MARKETING_VERSION = 1.0;
				PRODUCT_BUNDLE_IDENTIFIER = IOS.NEWNEWUITests;
				PRODUCT_NAME = "$(TARGET_NAME)";
				SWIFT_EMIT_LOC_STRINGS = NO;
				SWIFT_VERSION = 5.0;
				TARGETED_DEVICE_FAMILY = "1,2";
				TEST_TARGET_NAME = NEWNEW;
			};
			name = Debug;
		};
		F3CD50682A039FDB000C5596 /* Release */ = {
			isa = XCBuildConfiguration;
			buildSettings = {
				ALWAYS_EMBED_SWIFT_STANDARD_LIBRARIES = YES;
				CODE_SIGN_STYLE = Automatic;
				CURRENT_PROJECT_VERSION = 1;
				GENERATE_INFOPLIST_FILE = YES;
				MARKETING_VERSION = 1.0;
				PRODUCT_BUNDLE_IDENTIFIER = IOS.NEWNEWUITests;
				PRODUCT_NAME = "$(TARGET_NAME)";
				SWIFT_EMIT_LOC_STRINGS = NO;
				SWIFT_VERSION = 5.0;
				TARGETED_DEVICE_FAMILY = "1,2";
				TEST_TARGET_NAME = NEWNEW;
			};
			name = Release;
		};
/* End XCBuildConfiguration section */

/* Begin XCConfigurationList section */
		F3CD50372A039FD5000C5596 /* Build configuration list for PBXProject "NEWNEW" */ = {
			isa = XCConfigurationList;
			buildConfigurations = (
				F3CD505E2A039FDB000C5596 /* Debug */,
				F3CD505F2A039FDB000C5596 /* Release */,
			);
			defaultConfigurationIsVisible = 0;
			defaultConfigurationName = Release;
		};
		F3CD50602A039FDB000C5596 /* Build configuration list for PBXNativeTarget "NEWNEW" */ = {
			isa = XCConfigurationList;
			buildConfigurations = (
				F3CD50612A039FDB000C5596 /* Debug */,
				F3CD50622A039FDB000C5596 /* Release */,
			);
			defaultConfigurationIsVisible = 0;
			defaultConfigurationName = Release;
		};
		F3CD50632A039FDB000C5596 /* Build configuration list for PBXNativeTarget "NEWNEWTests" */ = {
			isa = XCConfigurationList;
			buildConfigurations = (
				F3CD50642A039FDB000C5596 /* Debug */,
				F3CD50652A039FDB000C5596 /* Release */,
			);
			defaultConfigurationIsVisible = 0;
			defaultConfigurationName = Release;
		};
		F3CD50662A039FDB000C5596 /* Build configuration list for PBXNativeTarget "NEWNEWUITests" */ = {
			isa = XCConfigurationList;
			buildConfigurations = (
				F3CD50672A039FDB000C5596 /* Debug */,
				F3CD50682A039FDB000C5596 /* Release */,
			);
			defaultConfigurationIsVisible = 0;
			defaultConfigurationName = Release;
		};
/* End XCConfigurationList section */
	};
	rootObject = F3CD50342A039FD5000C5596 /* Project object */;
}
